// !$*UTF8*$!
{
	archiveVersion = 1;
	classes = {
	};
	objectVersion = 56;
	objects = {

/* Begin PBXBuildFile section */
		B8EB5CC42C34DE470060F7D6 /* todoApp.swift in Sources */ = {isa = PBXBuildFile; fileRef = B8EB5CC32C34DE470060F7D6 /* todoApp.swift */; };
		B8EB5CC62C34DE470060F7D6 /* ContentView.swift in Sources */ = {isa = PBXBuildFile; fileRef = B8EB5CC52C34DE470060F7D6 /* ContentView.swift */; };
		B8EB5CC82C34DE4A0060F7D6 /* Assets.xcassets in Resources */ = {isa = PBXBuildFile; fileRef = B8EB5CC72C34DE4A0060F7D6 /* Assets.xcassets */; };
		B8EB5CCB2C34DE4A0060F7D6 /* Preview Assets.xcassets in Resources */ = {isa = PBXBuildFile; fileRef = B8EB5CCA2C34DE4A0060F7D6 /* Preview Assets.xcassets */; };
		B8EB5CD52C34DE4B0060F7D6 /* todoTests.swift in Sources */ = {isa = PBXBuildFile; fileRef = B8EB5CD42C34DE4B0060F7D6 /* todoTests.swift */; };
		B8EB5CDF2C34DE4B0060F7D6 /* todoUITests.swift in Sources */ = {isa = PBXBuildFile; fileRef = B8EB5CDE2C34DE4B0060F7D6 /* todoUITests.swift */; };
		B8EB5CE12C34DE4B0060F7D6 /* todoUITestsLaunchTests.swift in Sources */ = {isa = PBXBuildFile; fileRef = B8EB5CE02C34DE4B0060F7D6 /* todoUITestsLaunchTests.swift */; };
/* End PBXBuildFile section */

/* Begin PBXContainerItemProxy section */
		B8EB5CD12C34DE4B0060F7D6 /* PBXContainerItemProxy */ = {
			isa = PBXContainerItemProxy;
			containerPortal = B8EB5CB82C34DE460060F7D6 /* Project object */;
			proxyType = 1;
			remoteGlobalIDString = B8EB5CBF2C34DE460060F7D6;
			remoteInfo = todo;
		};
		B8EB5CDB2C34DE4B0060F7D6 /* PBXContainerItemProxy */ = {
			isa = PBXContainerItemProxy;
			containerPortal = B8EB5CB82C34DE460060F7D6 /* Project object */;
			proxyType = 1;
			remoteGlobalIDString = B8EB5CBF2C34DE460060F7D6;
			remoteInfo = todo;
		};
/* End PBXContainerItemProxy section */

/* Begin PBXFileReference section */
		B8EB5CC02C34DE470060F7D6 /* todo.app */ = {isa = PBXFileReference; explicitFileType = wrapper.application; includeInIndex = 0; path = todo.app; sourceTree = BUILT_PRODUCTS_DIR; };
		B8EB5CC32C34DE470060F7D6 /* todoApp.swift */ = {isa = PBXFileReference; lastKnownFileType = sourcecode.swift; path = todoApp.swift; sourceTree = "<group>"; };
		B8EB5CC52C34DE470060F7D6 /* ContentView.swift */ = {isa = PBXFileReference; lastKnownFileType = sourcecode.swift; path = ContentView.swift; sourceTree = "<group>"; };
		B8EB5CC72C34DE4A0060F7D6 /* Assets.xcassets */ = {isa = PBXFileReference; lastKnownFileType = folder.assetcatalog; path = Assets.xcassets; sourceTree = "<group>"; };
		B8EB5CCA2C34DE4A0060F7D6 /* Preview Assets.xcassets */ = {isa = PBXFileReference; lastKnownFileType = folder.assetcatalog; path = "Preview Assets.xcassets"; sourceTree = "<group>"; };
		B8EB5CD02C34DE4B0060F7D6 /* todoTests.xctest */ = {isa = PBXFileReference; explicitFileType = wrapper.cfbundle; includeInIndex = 0; path = todoTests.xctest; sourceTree = BUILT_PRODUCTS_DIR; };
		B8EB5CD42C34DE4B0060F7D6 /* todoTests.swift */ = {isa = PBXFileReference; lastKnownFileType = sourcecode.swift; path = todoTests.swift; sourceTree = "<group>"; };
		B8EB5CDA2C34DE4B0060F7D6 /* todoUITests.xctest */ = {isa = PBXFileReference; explicitFileType = wrapper.cfbundle; includeInIndex = 0; path = todoUITests.xctest; sourceTree = BUILT_PRODUCTS_DIR; };
		B8EB5CDE2C34DE4B0060F7D6 /* todoUITests.swift */ = {isa = PBXFileReference; lastKnownFileType = sourcecode.swift; path = todoUITests.swift; sourceTree = "<group>"; };
		B8EB5CE02C34DE4B0060F7D6 /* todoUITestsLaunchTests.swift */ = {isa = PBXFileReference; lastKnownFileType = sourcecode.swift; path = todoUITestsLaunchTests.swift; sourceTree = "<group>"; };
/* End PBXFileReference section */

/* Begin PBXFrameworksBuildPhase section */
		B8EB5CBD2C34DE460060F7D6 /* Frameworks */ = {
			isa = PBXFrameworksBuildPhase;
			buildActionMask = 2147483647;
			files = (
			);
			runOnlyForDeploymentPostprocessing = 0;
		};
		B8EB5CCD2C34DE4B0060F7D6 /* Frameworks */ = {
			isa = PBXFrameworksBuildPhase;
			buildActionMask = 2147483647;
			files = (
			);
			runOnlyForDeploymentPostprocessing = 0;
		};
		B8EB5CD72C34DE4B0060F7D6 /* Frameworks */ = {
			isa = PBXFrameworksBuildPhase;
			buildActionMask = 2147483647;
			files = (
			);
			runOnlyForDeploymentPostprocessing = 0;
		};
/* End PBXFrameworksBuildPhase section */

/* Begin PBXGroup section */
		B8EB5CB72C34DE460060F7D6 = {
			isa = PBXGroup;
			children = (
				B8EB5CC22C34DE470060F7D6 /* todo */,
				B8EB5CD32C34DE4B0060F7D6 /* todoTests */,
				B8EB5CDD2C34DE4B0060F7D6 /* todoUITests */,
				B8EB5CC12C34DE470060F7D6 /* Products */,
			);
			sourceTree = "<group>";
		};
		B8EB5CC12C34DE470060F7D6 /* Products */ = {
			isa = PBXGroup;
			children = (
				B8EB5CC02C34DE470060F7D6 /* todo.app */,
				B8EB5CD02C34DE4B0060F7D6 /* todoTests.xctest */,
				B8EB5CDA2C34DE4B0060F7D6 /* todoUITests.xctest */,
			);
			name = Products;
			sourceTree = "<group>";
		};
		B8EB5CC22C34DE470060F7D6 /* todo */ = {
			isa = PBXGroup;
			children = (
				B8EB5CC32C34DE470060F7D6 /* todoApp.swift */,
				B8EB5CC52C34DE470060F7D6 /* ContentView.swift */,
				B8EB5CC72C34DE4A0060F7D6 /* Assets.xcassets */,
				B8EB5CC92C34DE4A0060F7D6 /* Preview Content */,
			);
			path = todo;
			sourceTree = "<group>";
		};
		B8EB5CC92C34DE4A0060F7D6 /* Preview Content */ = {
			isa = PBXGroup;
			children = (
				B8EB5CCA2C34DE4A0060F7D6 /* Preview Assets.xcassets */,
			);
			path = "Preview Content";
			sourceTree = "<group>";
		};
		B8EB5CD32C34DE4B0060F7D6 /* todoTests */ = {
			isa = PBXGroup;
			children = (
				B8EB5CD42C34DE4B0060F7D6 /* todoTests.swift */,
			);
			path = todoTests;
			sourceTree = "<group>";
		};
		B8EB5CDD2C34DE4B0060F7D6 /* todoUITests */ = {
			isa = PBXGroup;
			children = (
				B8EB5CDE2C34DE4B0060F7D6 /* todoUITests.swift */,
				B8EB5CE02C34DE4B0060F7D6 /* todoUITestsLaunchTests.swift */,
			);
			path = todoUITests;
			sourceTree = "<group>";
		};
/* End PBXGroup section */

/* Begin PBXNativeTarget section */
		B8EB5CBF2C34DE460060F7D6 /* todo */ = {
			isa = PBXNativeTarget;
			buildConfigurationList = B8EB5CE42C34DE4B0060F7D6 /* Build configuration list for PBXNativeTarget "todo" */;
			buildPhases = (
				B8EB5CBC2C34DE460060F7D6 /* Sources */,
				B8EB5CBD2C34DE460060F7D6 /* Frameworks */,
				B8EB5CBE2C34DE460060F7D6 /* Resources */,
			);
			buildRules = (
			);
			dependencies = (
			);
			name = todo;
			productName = todo;
			productReference = B8EB5CC02C34DE470060F7D6 /* todo.app */;
			productType = "com.apple.product-type.application";
		};
		B8EB5CCF2C34DE4B0060F7D6 /* todoTests */ = {
			isa = PBXNativeTarget;
			buildConfigurationList = B8EB5CE72C34DE4B0060F7D6 /* Build configuration list for PBXNativeTarget "todoTests" */;
			buildPhases = (
				B8EB5CCC2C34DE4B0060F7D6 /* Sources */,
				B8EB5CCD2C34DE4B0060F7D6 /* Frameworks */,
				B8EB5CCE2C34DE4B0060F7D6 /* Resources */,
			);
			buildRules = (
			);
			dependencies = (
				B8EB5CD22C34DE4B0060F7D6 /* PBXTargetDependency */,
			);
			name = todoTests;
			productName = todoTests;
			productReference = B8EB5CD02C34DE4B0060F7D6 /* todoTests.xctest */;
			productType = "com.apple.product-type.bundle.unit-test";
		};
		B8EB5CD92C34DE4B0060F7D6 /* todoUITests */ = {
			isa = PBXNativeTarget;
			buildConfigurationList = B8EB5CEA2C34DE4B0060F7D6 /* Build configuration list for PBXNativeTarget "todoUITests" */;
			buildPhases = (
				B8EB5CD62C34DE4B0060F7D6 /* Sources */,
				B8EB5CD72C34DE4B0060F7D6 /* Frameworks */,
				B8EB5CD82C34DE4B0060F7D6 /* Resources */,
			);
			buildRules = (
			);
			dependencies = (
				B8EB5CDC2C34DE4B0060F7D6 /* PBXTargetDependency */,
			);
			name = todoUITests;
			productName = todoUITests;
			productReference = B8EB5CDA2C34DE4B0060F7D6 /* todoUITests.xctest */;
			productType = "com.apple.product-type.bundle.ui-testing";
		};
/* End PBXNativeTarget section */

/* Begin PBXProject section */
		B8EB5CB82C34DE460060F7D6 /* Project object */ = {
			isa = PBXProject;
			attributes = {
				BuildIndependentTargetsInParallel = 1;
				LastSwiftUpdateCheck = 1540;
				LastUpgradeCheck = 1540;
				TargetAttributes = {
					B8EB5CBF2C34DE460060F7D6 = {
						CreatedOnToolsVersion = 15.4;
					};
					B8EB5CCF2C34DE4B0060F7D6 = {
						CreatedOnToolsVersion = 15.4;
						TestTargetID = B8EB5CBF2C34DE460060F7D6;
					};
					B8EB5CD92C34DE4B0060F7D6 = {
						CreatedOnToolsVersion = 15.4;
						TestTargetID = B8EB5CBF2C34DE460060F7D6;
					};
				};
			};
			buildConfigurationList = B8EB5CBB2C34DE460060F7D6 /* Build configuration list for PBXProject "todo" */;
			compatibilityVersion = "Xcode 14.0";
			developmentRegion = en;
			hasScannedForEncodings = 0;
			knownRegions = (
				en,
				Base,
			);
			mainGroup = B8EB5CB72C34DE460060F7D6;
			productRefGroup = B8EB5CC12C34DE470060F7D6 /* Products */;
			projectDirPath = "";
			projectRoot = "";
			targets = (
				B8EB5CBF2C34DE460060F7D6 /* todo */,
				B8EB5CCF2C34DE4B0060F7D6 /* todoTests */,
				B8EB5CD92C34DE4B0060F7D6 /* todoUITests */,
			);
		};
/* End PBXProject section */

/* Begin PBXResourcesBuildPhase section */
		B8EB5CBE2C34DE460060F7D6 /* Resources */ = {
			isa = PBXResourcesBuildPhase;
			buildActionMask = 2147483647;
			files = (
				B8EB5CCB2C34DE4A0060F7D6 /* Preview Assets.xcassets in Resources */,
				B8EB5CC82C34DE4A0060F7D6 /* Assets.xcassets in Resources */,
			);
			runOnlyForDeploymentPostprocessing = 0;
		};
		B8EB5CCE2C34DE4B0060F7D6 /* Resources */ = {
			isa = PBXResourcesBuildPhase;
			buildActionMask = 2147483647;
			files = (
			);
			runOnlyForDeploymentPostprocessing = 0;
		};
		B8EB5CD82C34DE4B0060F7D6 /* Resources */ = {
			isa = PBXResourcesBuildPhase;
			buildActionMask = 2147483647;
			files = (
			);
			runOnlyForDeploymentPostprocessing = 0;
		};
/* End PBXResourcesBuildPhase section */

/* Begin PBXSourcesBuildPhase section */
		B8EB5CBC2C34DE460060F7D6 /* Sources */ = {
			isa = PBXSourcesBuildPhase;
			buildActionMask = 2147483647;
			files = (
				B8EB5CC62C34DE470060F7D6 /* ContentView.swift in Sources */,
				B8EB5CC42C34DE470060F7D6 /* todoApp.swift in Sources */,
			);
			runOnlyForDeploymentPostprocessing = 0;
		};
		B8EB5CCC2C34DE4B0060F7D6 /* Sources */ = {
			isa = PBXSourcesBuildPhase;
			buildActionMask = 2147483647;
			files = (
				B8EB5CD52C34DE4B0060F7D6 /* todoTests.swift in Sources */,
			);
			runOnlyForDeploymentPostprocessing = 0;
		};
		B8EB5CD62C34DE4B0060F7D6 /* Sources */ = {
			isa = PBXSourcesBuildPhase;
			buildActionMask = 2147483647;
			files = (
				B8EB5CE12C34DE4B0060F7D6 /* todoUITestsLaunchTests.swift in Sources */,
				B8EB5CDF2C34DE4B0060F7D6 /* todoUITests.swift in Sources */,
			);
			runOnlyForDeploymentPostprocessing = 0;
		};
/* End PBXSourcesBuildPhase section */

/* Begin PBXTargetDependency section */
		B8EB5CD22C34DE4B0060F7D6 /* PBXTargetDependency */ = {
			isa = PBXTargetDependency;
			target = B8EB5CBF2C34DE460060F7D6 /* todo */;
			targetProxy = B8EB5CD12C34DE4B0060F7D6 /* PBXContainerItemProxy */;
		};
		B8EB5CDC2C34DE4B0060F7D6 /* PBXTargetDependency */ = {
			isa = PBXTargetDependency;
			target = B8EB5CBF2C34DE460060F7D6 /* todo */;
			targetProxy = B8EB5CDB2C34DE4B0060F7D6 /* PBXContainerItemProxy */;
		};
/* End PBXTargetDependency section */

/* Begin XCBuildConfiguration section */
		B8EB5CE22C34DE4B0060F7D6 /* Debug */ = {
			isa = XCBuildConfiguration;
			buildSettings = {
				ALWAYS_SEARCH_USER_PATHS = NO;
				ASSETCATALOG_COMPILER_GENERATE_SWIFT_ASSET_SYMBOL_EXTENSIONS = YES;
				CLANG_ANALYZER_NONNULL = YES;
				CLANG_ANALYZER_NUMBER_OBJECT_CONVERSION = YES_AGGRESSIVE;
				CLANG_CXX_LANGUAGE_STANDARD = "gnu++20";
				CLANG_ENABLE_MODULES = YES;
				CLANG_ENABLE_OBJC_ARC = YES;
				CLANG_ENABLE_OBJC_WEAK = YES;
				CLANG_WARN_BLOCK_CAPTURE_AUTORELEASING = YES;
				CLANG_WARN_BOOL_CONVERSION = YES;
				CLANG_WARN_COMMA = YES;
				CLANG_WARN_CONSTANT_CONVERSION = YES;
				CLANG_WARN_DEPRECATED_OBJC_IMPLEMENTATIONS = YES;
				CLANG_WARN_DIRECT_OBJC_ISA_USAGE = YES_ERROR;
				CLANG_WARN_DOCUMENTATION_COMMENTS = YES;
				CLANG_WARN_EMPTY_BODY = YES;
				CLANG_WARN_ENUM_CONVERSION = YES;
				CLANG_WARN_INFINITE_RECURSION = YES;
				CLANG_WARN_INT_CONVERSION = YES;
				CLANG_WARN_NON_LITERAL_NULL_CONVERSION = YES;
				CLANG_WARN_OBJC_IMPLICIT_RETAIN_SELF = YES;
				CLANG_WARN_OBJC_LITERAL_CONVERSION = YES;
				CLANG_WARN_OBJC_ROOT_CLASS = YES_ERROR;
				CLANG_WARN_QUOTED_INCLUDE_IN_FRAMEWORK_HEADER = YES;
				CLANG_WARN_RANGE_LOOP_ANALYSIS = YES;
				CLANG_WARN_STRICT_PROTOTYPES = YES;
				CLANG_WARN_SUSPICIOUS_MOVE = YES;
				CLANG_WARN_UNGUARDED_AVAILABILITY = YES_AGGRESSIVE;
				CLANG_WARN_UNREACHABLE_CODE = YES;
				CLANG_WARN__DUPLICATE_METHOD_MATCH = YES;
				COPY_PHASE_STRIP = NO;
				DEBUG_INFORMATION_FORMAT = dwarf;
				ENABLE_STRICT_OBJC_MSGSEND = YES;
				ENABLE_TESTABILITY = YES;
				ENABLE_USER_SCRIPT_SANDBOXING = YES;
				GCC_C_LANGUAGE_STANDARD = gnu17;
				GCC_DYNAMIC_NO_PIC = NO;
				GCC_NO_COMMON_BLOCKS = YES;
				GCC_OPTIMIZATION_LEVEL = 0;
				GCC_PREPROCESSOR_DEFINITIONS = (
					"DEBUG=1",
					"$(inherited)",
				);
				GCC_WARN_64_TO_32_BIT_CONVERSION = YES;
				GCC_WARN_ABOUT_RETURN_TYPE = YES_ERROR;
				GCC_WARN_UNDECLARED_SELECTOR = YES;
				GCC_WARN_UNINITIALIZED_AUTOS = YES_AGGRESSIVE;
				GCC_WARN_UNUSED_FUNCTION = YES;
				GCC_WARN_UNUSED_VARIABLE = YES;
				IPHONEOS_DEPLOYMENT_TARGET = 17.5;
				LOCALIZATION_PREFERS_STRING_CATALOGS = YES;
				MTL_ENABLE_DEBUG_INFO = INCLUDE_SOURCE;
				MTL_FAST_MATH = YES;
				ONLY_ACTIVE_ARCH = YES;
				SDKROOT = iphoneos;
				SWIFT_ACTIVE_COMPILATION_CONDITIONS = "DEBUG $(inherited)";
				SWIFT_OPTIMIZATION_LEVEL = "-Onone";
			};
			name = Debug;
		};
		B8EB5CE32C34DE4B0060F7D6 /* Release */ = {
			isa = XCBuildConfiguration;
			buildSettings = {
				ALWAYS_SEARCH_USER_PATHS = NO;
				ASSETCATALOG_COMPILER_GENERATE_SWIFT_ASSET_SYMBOL_EXTENSIONS = YES;
				CLANG_ANALYZER_NONNULL = YES;
				CLANG_ANALYZER_NUMBER_OBJECT_CONVERSION = YES_AGGRESSIVE;
				CLANG_CXX_LANGUAGE_STANDARD = "gnu++20";
				CLANG_ENABLE_MODULES = YES;
				CLANG_ENABLE_OBJC_ARC = YES;
				CLANG_ENABLE_OBJC_WEAK = YES;
				CLANG_WARN_BLOCK_CAPTURE_AUTORELEASING = YES;
				CLANG_WARN_BOOL_CONVERSION = YES;
				CLANG_WARN_COMMA = YES;
				CLANG_WARN_CONSTANT_CONVERSION = YES;
				CLANG_WARN_DEPRECATED_OBJC_IMPLEMENTATIONS = YES;
				CLANG_WARN_DIRECT_OBJC_ISA_USAGE = YES_ERROR;
				CLANG_WARN_DOCUMENTATION_COMMENTS = YES;
				CLANG_WARN_EMPTY_BODY = YES;
				CLANG_WARN_ENUM_CONVERSION = YES;
				CLANG_WARN_INFINITE_RECURSION = YES;
				CLANG_WARN_INT_CONVERSION = YES;
				CLANG_WARN_NON_LITERAL_NULL_CONVERSION = YES;
				CLANG_WARN_OBJC_IMPLICIT_RETAIN_SELF = YES;
				CLANG_WARN_OBJC_LITERAL_CONVERSION = YES;
				CLANG_WARN_OBJC_ROOT_CLASS = YES_ERROR;
				CLANG_WARN_QUOTED_INCLUDE_IN_FRAMEWORK_HEADER = YES;
				CLANG_WARN_RANGE_LOOP_ANALYSIS = YES;
				CLANG_WARN_STRICT_PROTOTYPES = YES;
				CLANG_WARN_SUSPICIOUS_MOVE = YES;
				CLANG_WARN_UNGUARDED_AVAILABILITY = YES_AGGRESSIVE;
				CLANG_WARN_UNREACHABLE_CODE = YES;
				CLANG_WARN__DUPLICATE_METHOD_MATCH = YES;
				COPY_PHASE_STRIP = NO;
				DEBUG_INFORMATION_FORMAT = "dwarf-with-dsym";
				ENABLE_NS_ASSERTIONS = NO;
				ENABLE_STRICT_OBJC_MSGSEND = YES;
				ENABLE_USER_SCRIPT_SANDBOXING = YES;
				GCC_C_LANGUAGE_STANDARD = gnu17;
				GCC_NO_COMMON_BLOCKS = YES;
				GCC_WARN_64_TO_32_BIT_CONVERSION = YES;
				GCC_WARN_ABOUT_RETURN_TYPE = YES_ERROR;
				GCC_WARN_UNDECLARED_SELECTOR = YES;
				GCC_WARN_UNINITIALIZED_AUTOS = YES_AGGRESSIVE;
				GCC_WARN_UNUSED_FUNCTION = YES;
				GCC_WARN_UNUSED_VARIABLE = YES;
				IPHONEOS_DEPLOYMENT_TARGET = 17.5;
				LOCALIZATION_PREFERS_STRING_CATALOGS = YES;
				MTL_ENABLE_DEBUG_INFO = NO;
				MTL_FAST_MATH = YES;
				SDKROOT = iphoneos;
				SWIFT_COMPILATION_MODE = wholemodule;
				VALIDATE_PRODUCT = YES;
			};
			name = Release;
		};
		B8EB5CE52C34DE4B0060F7D6 /* Debug */ = {
			isa = XCBuildConfiguration;
			buildSettings = {
				ASSETCATALOG_COMPILER_APPICON_NAME = AppIcon;
				ASSETCATALOG_COMPILER_GLOBAL_ACCENT_COLOR_NAME = AccentColor;
				CODE_SIGN_STYLE = Automatic;
				CURRENT_PROJECT_VERSION = 1;
				DEVELOPMENT_ASSET_PATHS = "\"todo/Preview Content\"";
				DEVELOPMENT_TEAM = BF6JAB97JG;
				ENABLE_PREVIEWS = YES;
				GENERATE_INFOPLIST_FILE = YES;
				INFOPLIST_KEY_UIApplicationSceneManifest_Generation = YES;
				INFOPLIST_KEY_UIApplicationSupportsIndirectInputEvents = YES;
				INFOPLIST_KEY_UILaunchScreen_Generation = YES;
				INFOPLIST_KEY_UISupportedInterfaceOrientations_iPad = "UIInterfaceOrientationPortrait UIInterfaceOrientationPortraitUpsideDown UIInterfaceOrientationLandscapeLeft UIInterfaceOrientationLandscapeRight";
				INFOPLIST_KEY_UISupportedInterfaceOrientations_iPhone = "UIInterfaceOrientationPortrait UIInterfaceOrientationLandscapeLeft UIInterfaceOrientationLandscapeRight";
				LD_RUNPATH_SEARCH_PATHS = (
					"$(inherited)",
					"@executable_path/Frameworks",
				);
				MARKETING_VERSION = 1.0;
				PRODUCT_BUNDLE_IDENTIFIER = com.rodelg.todo;
				PRODUCT_NAME = "$(TARGET_NAME)";
				SWIFT_EMIT_LOC_STRINGS = YES;
				SWIFT_VERSION = 5.0;
				TARGETED_DEVICE_FAMILY = "1,2";
			};
			name = Debug;
		};
		B8EB5CE62C34DE4B0060F7D6 /* Release */ = {
			isa = XCBuildConfiguration;
			buildSettings = {
				ASSETCATALOG_COMPILER_APPICON_NAME = AppIcon;
				ASSETCATALOG_COMPILER_GLOBAL_ACCENT_COLOR_NAME = AccentColor;
				CODE_SIGN_STYLE = Automatic;
				CURRENT_PROJECT_VERSION = 1;
				DEVELOPMENT_ASSET_PATHS = "\"todo/Preview Content\"";
				DEVELOPMENT_TEAM = BF6JAB97JG;
				ENABLE_PREVIEWS = YES;
				GENERATE_INFOPLIST_FILE = YES;
				INFOPLIST_KEY_UIApplicationSceneManifest_Generation = YES;
				INFOPLIST_KEY_UIApplicationSupportsIndirectInputEvents = YES;
				INFOPLIST_KEY_UILaunchScreen_Generation = YES;
				INFOPLIST_KEY_UISupportedInterfaceOrientations_iPad = "UIInterfaceOrientationPortrait UIInterfaceOrientationPortraitUpsideDown UIInterfaceOrientationLandscapeLeft UIInterfaceOrientationLandscapeRight";
				INFOPLIST_KEY_UISupportedInterfaceOrientations_iPhone = "UIInterfaceOrientationPortrait UIInterfaceOrientationLandscapeLeft UIInterfaceOrientationLandscapeRight";
				LD_RUNPATH_SEARCH_PATHS = (
					"$(inherited)",
					"@executable_path/Frameworks",
				);
				MARKETING_VERSION = 1.0;
				PRODUCT_BUNDLE_IDENTIFIER = com.rodelg.todo;
				PRODUCT_NAME = "$(TARGET_NAME)";
				SWIFT_EMIT_LOC_STRINGS = YES;
				SWIFT_VERSION = 5.0;
				TARGETED_DEVICE_FAMILY = "1,2";
			};
			name = Release;
		};
		B8EB5CE82C34DE4B0060F7D6 /* Debug */ = {
			isa = XCBuildConfiguration;
			buildSettings = {
				ALWAYS_EMBED_SWIFT_STANDARD_LIBRARIES = YES;
				BUNDLE_LOADER = "$(TEST_HOST)";
				CODE_SIGN_STYLE = Automatic;
				CURRENT_PROJECT_VERSION = 1;
				DEVELOPMENT_TEAM = BF6JAB97JG;
				GENERATE_INFOPLIST_FILE = YES;
				IPHONEOS_DEPLOYMENT_TARGET = 17.5;
				MARKETING_VERSION = 1.0;
				PRODUCT_BUNDLE_IDENTIFIER = com.rodelg.todoTests;
				PRODUCT_NAME = "$(TARGET_NAME)";
				SWIFT_EMIT_LOC_STRINGS = NO;
				SWIFT_VERSION = 5.0;
				TARGETED_DEVICE_FAMILY = "1,2";
				TEST_HOST = "$(BUILT_PRODUCTS_DIR)/todo.app/$(BUNDLE_EXECUTABLE_FOLDER_PATH)/todo";
			};
			name = Debug;
		};
		B8EB5CE92C34DE4B0060F7D6 /* Release */ = {
			isa = XCBuildConfiguration;
			buildSettings = {
				ALWAYS_EMBED_SWIFT_STANDARD_LIBRARIES = YES;
				BUNDLE_LOADER = "$(TEST_HOST)";
				CODE_SIGN_STYLE = Automatic;
				CURRENT_PROJECT_VERSION = 1;
				DEVELOPMENT_TEAM = BF6JAB97JG;
				GENERATE_INFOPLIST_FILE = YES;
				IPHONEOS_DEPLOYMENT_TARGET = 17.5;
				MARKETING_VERSION = 1.0;
				PRODUCT_BUNDLE_IDENTIFIER = com.rodelg.todoTests;
				PRODUCT_NAME = "$(TARGET_NAME)";
				SWIFT_EMIT_LOC_STRINGS = NO;
				SWIFT_VERSION = 5.0;
				TARGETED_DEVICE_FAMILY = "1,2";
				TEST_HOST = "$(BUILT_PRODUCTS_DIR)/todo.app/$(BUNDLE_EXECUTABLE_FOLDER_PATH)/todo";
			};
			name = Release;
		};
		B8EB5CEB2C34DE4B0060F7D6 /* Debug */ = {
			isa = XCBuildConfiguration;
			buildSettings = {
				ALWAYS_EMBED_SWIFT_STANDARD_LIBRARIES = YES;
				CODE_SIGN_STYLE = Automatic;
				CURRENT_PROJECT_VERSION = 1;
				DEVELOPMENT_TEAM = BF6JAB97JG;
				GENERATE_INFOPLIST_FILE = YES;
				MARKETING_VERSION = 1.0;
				PRODUCT_BUNDLE_IDENTIFIER = com.rodelg.todoUITests;
				PRODUCT_NAME = "$(TARGET_NAME)";
				SWIFT_EMIT_LOC_STRINGS = NO;
				SWIFT_VERSION = 5.0;
				TARGETED_DEVICE_FAMILY = "1,2";
				TEST_TARGET_NAME = todo;
			};
			name = Debug;
		};
		B8EB5CEC2C34DE4B0060F7D6 /* Release */ = {
			isa = XCBuildConfiguration;
			buildSettings = {
				ALWAYS_EMBED_SWIFT_STANDARD_LIBRARIES = YES;
				CODE_SIGN_STYLE = Automatic;
				CURRENT_PROJECT_VERSION = 1;
				DEVELOPMENT_TEAM = BF6JAB97JG;
				GENERATE_INFOPLIST_FILE = YES;
				MARKETING_VERSION = 1.0;
				PRODUCT_BUNDLE_IDENTIFIER = com.rodelg.todoUITests;
				PRODUCT_NAME = "$(TARGET_NAME)";
				SWIFT_EMIT_LOC_STRINGS = NO;
				SWIFT_VERSION = 5.0;
				TARGETED_DEVICE_FAMILY = "1,2";
				TEST_TARGET_NAME = todo;
			};
			name = Release;
		};
/* End XCBuildConfiguration section */

/* Begin XCConfigurationList section */
		B8EB5CBB2C34DE460060F7D6 /* Build configuration list for PBXProject "todo" */ = {
			isa = XCConfigurationList;
			buildConfigurations = (
				B8EB5CE22C34DE4B0060F7D6 /* Debug */,
				B8EB5CE32C34DE4B0060F7D6 /* Release */,
			);
			defaultConfigurationIsVisible = 0;
			defaultConfigurationName = Release;
		};
		B8EB5CE42C34DE4B0060F7D6 /* Build configuration list for PBXNativeTarget "todo" */ = {
			isa = XCConfigurationList;
			buildConfigurations = (
				B8EB5CE52C34DE4B0060F7D6 /* Debug */,
				B8EB5CE62C34DE4B0060F7D6 /* Release */,
			);
			defaultConfigurationIsVisible = 0;
			defaultConfigurationName = Release;
		};
		B8EB5CE72C34DE4B0060F7D6 /* Build configuration list for PBXNativeTarget "todoTests" */ = {
			isa = XCConfigurationList;
			buildConfigurations = (
				B8EB5CE82C34DE4B0060F7D6 /* Debug */,
				B8EB5CE92C34DE4B0060F7D6 /* Release */,
			);
			defaultConfigurationIsVisible = 0;
			defaultConfigurationName = Release;
		};
		B8EB5CEA2C34DE4B0060F7D6 /* Build configuration list for PBXNativeTarget "todoUITests" */ = {
			isa = XCConfigurationList;
			buildConfigurations = (
				B8EB5CEB2C34DE4B0060F7D6 /* Debug */,
				B8EB5CEC2C34DE4B0060F7D6 /* Release */,
			);
			defaultConfigurationIsVisible = 0;
			defaultConfigurationName = Release;
		};
/* End XCConfigurationList section */
	};
	rootObject = B8EB5CB82C34DE460060F7D6 /* Project object */;
}
